# THIS IS AN AUTOGENERATED FILE. DO NOT EDIT THIS FILE DIRECTLY.
# yarn lockfile v1


"@rails/actioncable@^6.1.5":
  version "6.1.7"
  resolved "https://registry.yarnpkg.com/@rails/actioncable/-/actioncable-6.1.7.tgz#8b4506925d3f7146a70941e4db7ce9dda99f99ae"
  integrity sha512-F6S74NGpxhbbDRFsQFGYqefRfZPgYvePNtz9hHKYOqLturrsqrDoG+UcrxEGHsvqDUorMYfx4Wl3K8smmk/u2g==
